// !$*UTF8*$!
{
	archiveVersion = 1;
	classes = {
	};
	objectVersion = 46;
	objects = {

/* Begin PBXBuildFile section */
		1670E9DB1C0AC5E100D28D1A /* HomeTableViewController.m in Sources */ = {isa = PBXBuildFile; fileRef = 1670E9DA1C0AC5E100D28D1A /* HomeTableViewController.m */; };
		1670E9DD1C0AC65B00D28D1A /* CoreBluetooth.framework in Frameworks */ = {isa = PBXBuildFile; fileRef = 1670E9DC1C0AC65B00D28D1A /* CoreBluetooth.framework */; };
		1DFD0AC861FD74217313B26D /* libPods-PinguPay.a in Frameworks */ = {isa = PBXBuildFile; fileRef = F7978F8926583B8345C9C927 /* libPods-PinguPay.a */; };
		422A13541C09FD5C0081FD09 /* AddPaymentMethodCollectionViewController.m in Sources */ = {isa = PBXBuildFile; fileRef = 422A13531C09FD5C0081FD09 /* AddPaymentMethodCollectionViewController.m */; };
		422A13561C09FEC10081FD09 /* 1p.png in Resources */ = {isa = PBXBuildFile; fileRef = 422A13551C09FEC10081FD09 /* 1p.png */; };
		422A13581C0A0D270081FD09 /* 2p.png in Resources */ = {isa = PBXBuildFile; fileRef = 422A13571C0A0D270081FD09 /* 2p.png */; };
		422A135A1C0A15D00081FD09 /* logo.png in Resources */ = {isa = PBXBuildFile; fileRef = 422A13591C0A15D00081FD09 /* logo.png */; };
		422A13601C0A1B100081FD09 /* UsernamePasswordTableViewController.m in Sources */ = {isa = PBXBuildFile; fileRef = 422A135F1C0A1B100081FD09 /* UsernamePasswordTableViewController.m */; };
		422A13621C0A23E00081FD09 /* 3p.png in Resources */ = {isa = PBXBuildFile; fileRef = 422A13611C0A23E00081FD09 /* 3p.png */; };
		422A13641C0A24470081FD09 /* 4p.png in Resources */ = {isa = PBXBuildFile; fileRef = 422A13631C0A24470081FD09 /* 4p.png */; };
		422A13661C0A249E0081FD09 /* 5p.png in Resources */ = {isa = PBXBuildFile; fileRef = 422A13651C0A249E0081FD09 /* 5p.png */; };
		422A13681C0A24E80081FD09 /* 6p.png in Resources */ = {isa = PBXBuildFile; fileRef = 422A13671C0A24E80081FD09 /* 6p.png */; };
		425BF2DE1CB1A97500AE1D66 /* coverStar.jpg in Resources */ = {isa = PBXBuildFile; fileRef = 425BF2DD1CB1A97500AE1D66 /* coverStar.jpg */; };
		425BF2E01CB1AD7B00AE1D66 /* NavbarHeaderView.xib in Resources */ = {isa = PBXBuildFile; fileRef = 425BF2DF1CB1AD7B00AE1D66 /* NavbarHeaderView.xib */; };
		425BF2E51CB1B63A00AE1D66 /* star1.jpg in Resources */ = {isa = PBXBuildFile; fileRef = 425BF2E11CB1B63A00AE1D66 /* star1.jpg */; };
		425BF2E61CB1B63A00AE1D66 /* star4.jpg in Resources */ = {isa = PBXBuildFile; fileRef = 425BF2E21CB1B63A00AE1D66 /* star4.jpg */; };
		425BF2E71CB1B63A00AE1D66 /* star3.jpg in Resources */ = {isa = PBXBuildFile; fileRef = 425BF2E31CB1B63A00AE1D66 /* star3.jpg */; };
		425BF2E81CB1B63A00AE1D66 /* star2.jpg in Resources */ = {isa = PBXBuildFile; fileRef = 425BF2E41CB1B63A00AE1D66 /* star2.jpg */; };
		425BF2EA1CB1B92200AE1D66 /* LocalAuthentication.framework in Frameworks */ = {isa = PBXBuildFile; fileRef = 425BF2E91CB1B92200AE1D66 /* LocalAuthentication.framework */; };
		42AB6CD21C0A995300DC5BFA /* RaiseInvoiceViewController.m in Sources */ = {isa = PBXBuildFile; fileRef = 42AB6CD11C0A995300DC5BFA /* RaiseInvoiceViewController.m */; };
		42AB6CD51C0A9C3800DC5BFA /* lines.png in Resources */ = {isa = PBXBuildFile; fileRef = 42AB6CD41C0A9C3800DC5BFA /* lines.png */; };
		42AB6CD81C0A9D6E00DC5BFA /* PaymentConfirmViewController.m in Sources */ = {isa = PBXBuildFile; fileRef = 42AB6CD71C0A9D6E00DC5BFA /* PaymentConfirmViewController.m */; };
		42AB6D2D1C0AFD1800DC5BFA /* ScanACodeViewController.m in Sources */ = {isa = PBXBuildFile; fileRef = 42AB6D2C1C0AFD1800DC5BFA /* ScanACodeViewController.m */; };
		42AB6D2F1C0B012E00DC5BFA /* starbucks.png in Resources */ = {isa = PBXBuildFile; fileRef = 42AB6D2E1C0B012E00DC5BFA /* starbucks.png */; };
		42AB6D321C0B018400DC5BFA /* 2.jpg in Resources */ = {isa = PBXBuildFile; fileRef = 42AB6D301C0B018400DC5BFA /* 2.jpg */; };
		42AB6D331C0B018400DC5BFA /* 1.jpg in Resources */ = {isa = PBXBuildFile; fileRef = 42AB6D311C0B018400DC5BFA /* 1.jpg */; };
		42F472E71C09BEFE00A9E22C /* main.m in Sources */ = {isa = PBXBuildFile; fileRef = 42F472E61C09BEFE00A9E22C /* main.m */; };
		42F472EA1C09BEFE00A9E22C /* AppDelegate.m in Sources */ = {isa = PBXBuildFile; fileRef = 42F472E91C09BEFE00A9E22C /* AppDelegate.m */; };
		42F472ED1C09BEFE00A9E22C /* ViewController.m in Sources */ = {isa = PBXBuildFile; fileRef = 42F472EC1C09BEFE00A9E22C /* ViewController.m */; };
		42F472F01C09BEFE00A9E22C /* Main.storyboard in Resources */ = {isa = PBXBuildFile; fileRef = 42F472EE1C09BEFE00A9E22C /* Main.storyboard */; };
		42F472F31C09BEFE00A9E22C /* PinguPay.xcdatamodeld in Sources */ = {isa = PBXBuildFile; fileRef = 42F472F11C09BEFE00A9E22C /* PinguPay.xcdatamodeld */; };
		42F472F51C09BEFE00A9E22C /* Assets.xcassets in Resources */ = {isa = PBXBuildFile; fileRef = 42F472F41C09BEFE00A9E22C /* Assets.xcassets */; };
		42F472F81C09BEFE00A9E22C /* LaunchScreen.storyboard in Resources */ = {isa = PBXBuildFile; fileRef = 42F472F61C09BEFE00A9E22C /* LaunchScreen.storyboard */; };
		42F473031C09BEFE00A9E22C /* PinguPayTests.m in Sources */ = {isa = PBXBuildFile; fileRef = 42F473021C09BEFE00A9E22C /* PinguPayTests.m */; };
		42F4730E1C09BEFE00A9E22C /* PinguPayUITests.m in Sources */ = {isa = PBXBuildFile; fileRef = 42F4730D1C09BEFE00A9E22C /* PinguPayUITests.m */; };
		42F4731E1C09F27700A9E22C /* FBSDKCoreKit.framework in Frameworks */ = {isa = PBXBuildFile; fileRef = 42F4731B1C09F27700A9E22C /* FBSDKCoreKit.framework */; };
		42F4731F1C09F27700A9E22C /* FBSDKLoginKit.framework in Frameworks */ = {isa = PBXBuildFile; fileRef = 42F4731C1C09F27700A9E22C /* FBSDKLoginKit.framework */; };
		42F473201C09F27700A9E22C /* FBSDKShareKit.framework in Frameworks */ = {isa = PBXBuildFile; fileRef = 42F4731D1C09F27700A9E22C /* FBSDKShareKit.framework */; };
		42F473231C09F42500A9E22C /* LoginViewController.m in Sources */ = {isa = PBXBuildFile; fileRef = 42F473221C09F42500A9E22C /* LoginViewController.m */; };
/* End PBXBuildFile section */

/* Begin PBXContainerItemProxy section */
		42F472FF1C09BEFE00A9E22C /* PBXContainerItemProxy */ = {
			isa = PBXContainerItemProxy;
			containerPortal = 42F472DA1C09BEFE00A9E22C /* Project object */;
			proxyType = 1;
			remoteGlobalIDString = 42F472E11C09BEFE00A9E22C;
			remoteInfo = PinguPay;
		};
		42F4730A1C09BEFE00A9E22C /* PBXContainerItemProxy */ = {
			isa = PBXContainerItemProxy;
			containerPortal = 42F472DA1C09BEFE00A9E22C /* Project object */;
			proxyType = 1;
			remoteGlobalIDString = 42F472E11C09BEFE00A9E22C;
			remoteInfo = PinguPay;
		};
/* End PBXContainerItemProxy section */

/* Begin PBXFileReference section */
		0AA3A201F48B31F863E7A4E7 /* Pods-PinguPay.debug.xcconfig */ = {isa = PBXFileReference; includeInIndex = 1; lastKnownFileType = text.xcconfig; name = "Pods-PinguPay.debug.xcconfig"; path = "Pods/Target Support Files/Pods-PinguPay/Pods-PinguPay.debug.xcconfig"; sourceTree = "<group>"; };
		1670E9D91C0AC5E100D28D1A /* HomeTableViewController.h */ = {isa = PBXFileReference; fileEncoding = 4; lastKnownFileType = sourcecode.c.h; path = HomeTableViewController.h; sourceTree = "<group>"; };
		1670E9DA1C0AC5E100D28D1A /* HomeTableViewController.m */ = {isa = PBXFileReference; fileEncoding = 4; lastKnownFileType = sourcecode.c.objc; path = HomeTableViewController.m; sourceTree = "<group>"; };
		1670E9DC1C0AC65B00D28D1A /* CoreBluetooth.framework */ = {isa = PBXFileReference; lastKnownFileType = wrapper.framework; name = CoreBluetooth.framework; path = System/Library/Frameworks/CoreBluetooth.framework; sourceTree = SDKROOT; };
		422A13521C09FD5C0081FD09 /* AddPaymentMethodCollectionViewController.h */ = {isa = PBXFileReference; fileEncoding = 4; lastKnownFileType = sourcecode.c.h; path = AddPaymentMethodCollectionViewController.h; sourceTree = "<group>"; };
		422A13531C09FD5C0081FD09 /* AddPaymentMethodCollectionViewController.m */ = {isa = PBXFileReference; fileEncoding = 4; lastKnownFileType = sourcecode.c.objc; path = AddPaymentMethodCollectionViewController.m; sourceTree = "<group>"; };
		422A13551C09FEC10081FD09 /* 1p.png */ = {isa = PBXFileReference; lastKnownFileType = image.png; path = 1p.png; sourceTree = "<group>"; };
		422A13571C0A0D270081FD09 /* 2p.png */ = {isa = PBXFileReference; lastKnownFileType = image.png; path = 2p.png; sourceTree = "<group>"; };
		422A13591C0A15D00081FD09 /* logo.png */ = {isa = PBXFileReference; lastKnownFileType = image.png; path = logo.png; sourceTree = "<group>"; };
		422A135E1C0A1B100081FD09 /* UsernamePasswordTableViewController.h */ = {isa = PBXFileReference; fileEncoding = 4; lastKnownFileType = sourcecode.c.h; name = UsernamePasswordTableViewController.h; path = ../UsernamePasswordTableViewController.h; sourceTree = "<group>"; };
		422A135F1C0A1B100081FD09 /* UsernamePasswordTableViewController.m */ = {isa = PBXFileReference; fileEncoding = 4; lastKnownFileType = sourcecode.c.objc; name = UsernamePasswordTableViewController.m; path = ../UsernamePasswordTableViewController.m; sourceTree = "<group>"; };
		422A13611C0A23E00081FD09 /* 3p.png */ = {isa = PBXFileReference; lastKnownFileType = image.png; path = 3p.png; sourceTree = "<group>"; };
		422A13631C0A24470081FD09 /* 4p.png */ = {isa = PBXFileReference; lastKnownFileType = image.png; path = 4p.png; sourceTree = "<group>"; };
		422A13651C0A249E0081FD09 /* 5p.png */ = {isa = PBXFileReference; lastKnownFileType = image.png; path = 5p.png; sourceTree = "<group>"; };
		422A13671C0A24E80081FD09 /* 6p.png */ = {isa = PBXFileReference; lastKnownFileType = image.png; path = 6p.png; sourceTree = "<group>"; };
		425BF2DD1CB1A97500AE1D66 /* coverStar.jpg */ = {isa = PBXFileReference; lastKnownFileType = image.jpeg; path = coverStar.jpg; sourceTree = "<group>"; };
		425BF2DF1CB1AD7B00AE1D66 /* NavbarHeaderView.xib */ = {isa = PBXFileReference; fileEncoding = 4; lastKnownFileType = file.xib; path = NavbarHeaderView.xib; sourceTree = "<group>"; };
		425BF2E11CB1B63A00AE1D66 /* star1.jpg */ = {isa = PBXFileReference; lastKnownFileType = image.jpeg; path = star1.jpg; sourceTree = "<group>"; };
		425BF2E21CB1B63A00AE1D66 /* star4.jpg */ = {isa = PBXFileReference; lastKnownFileType = image.jpeg; path = star4.jpg; sourceTree = "<group>"; };
		425BF2E31CB1B63A00AE1D66 /* star3.jpg */ = {isa = PBXFileReference; lastKnownFileType = image.jpeg; path = star3.jpg; sourceTree = "<group>"; };
		425BF2E41CB1B63A00AE1D66 /* star2.jpg */ = {isa = PBXFileReference; lastKnownFileType = image.jpeg; path = star2.jpg; sourceTree = "<group>"; };
		425BF2E91CB1B92200AE1D66 /* LocalAuthentication.framework */ = {isa = PBXFileReference; lastKnownFileType = wrapper.framework; name = LocalAuthentication.framework; path = System/Library/Frameworks/LocalAuthentication.framework; sourceTree = SDKROOT; };
		42AB6CD01C0A995300DC5BFA /* RaiseInvoiceViewController.h */ = {isa = PBXFileReference; fileEncoding = 4; lastKnownFileType = sourcecode.c.h; path = RaiseInvoiceViewController.h; sourceTree = "<group>"; };
		42AB6CD11C0A995300DC5BFA /* RaiseInvoiceViewController.m */ = {isa = PBXFileReference; fileEncoding = 4; lastKnownFileType = sourcecode.c.objc; path = RaiseInvoiceViewController.m; sourceTree = "<group>"; };
		42AB6CD41C0A9C3800DC5BFA /* lines.png */ = {isa = PBXFileReference; lastKnownFileType = image.png; path = lines.png; sourceTree = "<group>"; };
		42AB6CD61C0A9D6E00DC5BFA /* PaymentConfirmViewController.h */ = {isa = PBXFileReference; fileEncoding = 4; lastKnownFileType = sourcecode.c.h; path = PaymentConfirmViewController.h; sourceTree = "<group>"; };
		42AB6CD71C0A9D6E00DC5BFA /* PaymentConfirmViewController.m */ = {isa = PBXFileReference; fileEncoding = 4; lastKnownFileType = sourcecode.c.objc; path = PaymentConfirmViewController.m; sourceTree = "<group>"; };
		42AB6D2B1C0AFD1800DC5BFA /* ScanACodeViewController.h */ = {isa = PBXFileReference; fileEncoding = 4; lastKnownFileType = sourcecode.c.h; path = ScanACodeViewController.h; sourceTree = "<group>"; };
		42AB6D2C1C0AFD1800DC5BFA /* ScanACodeViewController.m */ = {isa = PBXFileReference; fileEncoding = 4; lastKnownFileType = sourcecode.c.objc; path = ScanACodeViewController.m; sourceTree = "<group>"; };
		42AB6D2E1C0B012E00DC5BFA /* starbucks.png */ = {isa = PBXFileReference; lastKnownFileType = image.png; path = starbucks.png; sourceTree = "<group>"; };
		42AB6D301C0B018400DC5BFA /* 2.jpg */ = {isa = PBXFileReference; lastKnownFileType = image.jpeg; path = 2.jpg; sourceTree = "<group>"; };
		42AB6D311C0B018400DC5BFA /* 1.jpg */ = {isa = PBXFileReference; lastKnownFileType = image.jpeg; path = 1.jpg; sourceTree = "<group>"; };
		42F472E21C09BEFE00A9E22C /* PinguPay.app */ = {isa = PBXFileReference; explicitFileType = wrapper.application; includeInIndex = 0; path = PinguPay.app; sourceTree = BUILT_PRODUCTS_DIR; };
		42F472E61C09BEFE00A9E22C /* main.m */ = {isa = PBXFileReference; lastKnownFileType = sourcecode.c.objc; path = main.m; sourceTree = "<group>"; };
		42F472E81C09BEFE00A9E22C /* AppDelegate.h */ = {isa = PBXFileReference; lastKnownFileType = sourcecode.c.h; path = AppDelegate.h; sourceTree = "<group>"; };
		42F472E91C09BEFE00A9E22C /* AppDelegate.m */ = {isa = PBXFileReference; lastKnownFileType = sourcecode.c.objc; path = AppDelegate.m; sourceTree = "<group>"; };
		42F472EB1C09BEFE00A9E22C /* ViewController.h */ = {isa = PBXFileReference; lastKnownFileType = sourcecode.c.h; path = ViewController.h; sourceTree = "<group>"; };
		42F472EC1C09BEFE00A9E22C /* ViewController.m */ = {isa = PBXFileReference; lastKnownFileType = sourcecode.c.objc; path = ViewController.m; sourceTree = "<group>"; };
		42F472EF1C09BEFE00A9E22C /* Base */ = {isa = PBXFileReference; lastKnownFileType = file.storyboard; name = Base; path = Base.lproj/Main.storyboard; sourceTree = "<group>"; };
		42F472F21C09BEFE00A9E22C /* PinguPay.xcdatamodel */ = {isa = PBXFileReference; lastKnownFileType = wrapper.xcdatamodel; path = PinguPay.xcdatamodel; sourceTree = "<group>"; };
		42F472F41C09BEFE00A9E22C /* Assets.xcassets */ = {isa = PBXFileReference; lastKnownFileType = folder.assetcatalog; path = Assets.xcassets; sourceTree = "<group>"; };
		42F472F71C09BEFE00A9E22C /* Base */ = {isa = PBXFileReference; lastKnownFileType = file.storyboard; name = Base; path = Base.lproj/LaunchScreen.storyboard; sourceTree = "<group>"; };
		42F472F91C09BEFE00A9E22C /* Info.plist */ = {isa = PBXFileReference; lastKnownFileType = text.plist.xml; path = Info.plist; sourceTree = "<group>"; };
		42F472FE1C09BEFE00A9E22C /* PinguPayTests.xctest */ = {isa = PBXFileReference; explicitFileType = wrapper.cfbundle; includeInIndex = 0; path = PinguPayTests.xctest; sourceTree = BUILT_PRODUCTS_DIR; };
		42F473021C09BEFE00A9E22C /* PinguPayTests.m */ = {isa = PBXFileReference; lastKnownFileType = sourcecode.c.objc; path = PinguPayTests.m; sourceTree = "<group>"; };
		42F473041C09BEFE00A9E22C /* Info.plist */ = {isa = PBXFileReference; lastKnownFileType = text.plist.xml; path = Info.plist; sourceTree = "<group>"; };
		42F473091C09BEFE00A9E22C /* PinguPayUITests.xctest */ = {isa = PBXFileReference; explicitFileType = wrapper.cfbundle; includeInIndex = 0; path = PinguPayUITests.xctest; sourceTree = BUILT_PRODUCTS_DIR; };
		42F4730D1C09BEFE00A9E22C /* PinguPayUITests.m */ = {isa = PBXFileReference; lastKnownFileType = sourcecode.c.objc; path = PinguPayUITests.m; sourceTree = "<group>"; };
		42F4730F1C09BEFE00A9E22C /* Info.plist */ = {isa = PBXFileReference; lastKnownFileType = text.plist.xml; path = Info.plist; sourceTree = "<group>"; };
		42F4731B1C09F27700A9E22C /* FBSDKCoreKit.framework */ = {isa = PBXFileReference; lastKnownFileType = wrapper.framework; path = FBSDKCoreKit.framework; sourceTree = "<group>"; };
		42F4731C1C09F27700A9E22C /* FBSDKLoginKit.framework */ = {isa = PBXFileReference; lastKnownFileType = wrapper.framework; path = FBSDKLoginKit.framework; sourceTree = "<group>"; };
		42F4731D1C09F27700A9E22C /* FBSDKShareKit.framework */ = {isa = PBXFileReference; lastKnownFileType = wrapper.framework; path = FBSDKShareKit.framework; sourceTree = "<group>"; };
		42F473211C09F42500A9E22C /* LoginViewController.h */ = {isa = PBXFileReference; fileEncoding = 4; lastKnownFileType = sourcecode.c.h; path = LoginViewController.h; sourceTree = "<group>"; };
		42F473221C09F42500A9E22C /* LoginViewController.m */ = {isa = PBXFileReference; fileEncoding = 4; lastKnownFileType = sourcecode.c.objc; path = LoginViewController.m; sourceTree = "<group>"; };
		D3CDFC626DD9DF8F65C392D9 /* Pods-PinguPay.release.xcconfig */ = {isa = PBXFileReference; includeInIndex = 1; lastKnownFileType = text.xcconfig; name = "Pods-PinguPay.release.xcconfig"; path = "Pods/Target Support Files/Pods-PinguPay/Pods-PinguPay.release.xcconfig"; sourceTree = "<group>"; };
		F7978F8926583B8345C9C927 /* libPods-PinguPay.a */ = {isa = PBXFileReference; explicitFileType = archive.ar; includeInIndex = 0; path = "libPods-PinguPay.a"; sourceTree = BUILT_PRODUCTS_DIR; };
/* End PBXFileReference section */

/* Begin PBXFrameworksBuildPhase section */
		42F472DF1C09BEFE00A9E22C /* Frameworks */ = {
			isa = PBXFrameworksBuildPhase;
			buildActionMask = 2147483647;
			files = (
				425BF2EA1CB1B92200AE1D66 /* LocalAuthentication.framework in Frameworks */,
				1670E9DD1C0AC65B00D28D1A /* CoreBluetooth.framework in Frameworks */,
				42F4731F1C09F27700A9E22C /* FBSDKLoginKit.framework in Frameworks */,
				42F4731E1C09F27700A9E22C /* FBSDKCoreKit.framework in Frameworks */,
				42F473201C09F27700A9E22C /* FBSDKShareKit.framework in Frameworks */,
				1DFD0AC861FD74217313B26D /* libPods-PinguPay.a in Frameworks */,
			);
			runOnlyForDeploymentPostprocessing = 0;
		};
		42F472FB1C09BEFE00A9E22C /* Frameworks */ = {
			isa = PBXFrameworksBuildPhase;
			buildActionMask = 2147483647;
			files = (
			);
			runOnlyForDeploymentPostprocessing = 0;
		};
		42F473061C09BEFE00A9E22C /* Frameworks */ = {
			isa = PBXFrameworksBuildPhase;
			buildActionMask = 2147483647;
			files = (
			);
			runOnlyForDeploymentPostprocessing = 0;
		};
/* End PBXFrameworksBuildPhase section */

/* Begin PBXGroup section */
		42AB6CD31C0A996500DC5BFA /* Setup Flow */ = {
			isa = PBXGroup;
			children = (
				422A135E1C0A1B100081FD09 /* UsernamePasswordTableViewController.h */,
				422A135F1C0A1B100081FD09 /* UsernamePasswordTableViewController.m */,
				42F473211C09F42500A9E22C /* LoginViewController.h */,
				42F473221C09F42500A9E22C /* LoginViewController.m */,
				42F472EB1C09BEFE00A9E22C /* ViewController.h */,
				42F472EC1C09BEFE00A9E22C /* ViewController.m */,
				422A13521C09FD5C0081FD09 /* AddPaymentMethodCollectionViewController.h */,
				422A13531C09FD5C0081FD09 /* AddPaymentMethodCollectionViewController.m */,
				42F472E51C09BEFE00A9E22C /* Supporting Files */,
			);
			name = "Setup Flow";
			sourceTree = "<group>";
		};
		42F472D91C09BEFE00A9E22C = {
			isa = PBXGroup;
			children = (
				42F472E41C09BEFE00A9E22C /* PinguPay */,
				42F473011C09BEFE00A9E22C /* PinguPayTests */,
				42F4730C1C09BEFE00A9E22C /* PinguPayUITests */,
				42F472E31C09BEFE00A9E22C /* Products */,
				614CCD1BFB9AF203BD02D01F /* Pods */,
				56B7F5D2BF1E80F68A20DF03 /* Frameworks */,
			);
			sourceTree = "<group>";
		};
		42F472E31C09BEFE00A9E22C /* Products */ = {
			isa = PBXGroup;
			children = (
				42F472E21C09BEFE00A9E22C /* PinguPay.app */,
				42F472FE1C09BEFE00A9E22C /* PinguPayTests.xctest */,
				42F473091C09BEFE00A9E22C /* PinguPayUITests.xctest */,
			);
			name = Products;
			sourceTree = "<group>";
		};
		42F472E41C09BEFE00A9E22C /* PinguPay */ = {
			isa = PBXGroup;
			children = (
				42F472EE1C09BEFE00A9E22C /* Main.storyboard */,
				42AB6D2B1C0AFD1800DC5BFA /* ScanACodeViewController.h */,
				42AB6D2C1C0AFD1800DC5BFA /* ScanACodeViewController.m */,
				1670E9D91C0AC5E100D28D1A /* HomeTableViewController.h */,
				1670E9DA1C0AC5E100D28D1A /* HomeTableViewController.m */,
				425BF2DF1CB1AD7B00AE1D66 /* NavbarHeaderView.xib */,
				42AB6CD61C0A9D6E00DC5BFA /* PaymentConfirmViewController.h */,
				42AB6CD71C0A9D6E00DC5BFA /* PaymentConfirmViewController.m */,
				42AB6CD01C0A995300DC5BFA /* RaiseInvoiceViewController.h */,
				42AB6CD11C0A995300DC5BFA /* RaiseInvoiceViewController.m */,
				42AB6CD41C0A9C3800DC5BFA /* lines.png */,
				42AB6D301C0B018400DC5BFA /* 2.jpg */,
				42AB6D311C0B018400DC5BFA /* 1.jpg */,
				42AB6D2E1C0B012E00DC5BFA /* starbucks.png */,
				425BF2DD1CB1A97500AE1D66 /* coverStar.jpg */,
				42AB6CD31C0A996500DC5BFA /* Setup Flow */,
			);
			path = PinguPay;
			sourceTree = "<group>";
		};
		42F472E51C09BEFE00A9E22C /* Supporting Files */ = {
			isa = PBXGroup;
			children = (
				425BF2E11CB1B63A00AE1D66 /* star1.jpg */,
				425BF2E21CB1B63A00AE1D66 /* star4.jpg */,
				425BF2E31CB1B63A00AE1D66 /* star3.jpg */,
				425BF2E41CB1B63A00AE1D66 /* star2.jpg */,
				422A13591C0A15D00081FD09 /* logo.png */,
				422A13671C0A24E80081FD09 /* 6p.png */,
				422A13651C0A249E0081FD09 /* 5p.png */,
				422A13631C0A24470081FD09 /* 4p.png */,
				422A13611C0A23E00081FD09 /* 3p.png */,
				422A13571C0A0D270081FD09 /* 2p.png */,
				422A13551C09FEC10081FD09 /* 1p.png */,
				42F472E81C09BEFE00A9E22C /* AppDelegate.h */,
				42F472E91C09BEFE00A9E22C /* AppDelegate.m */,
				42F472F41C09BEFE00A9E22C /* Assets.xcassets */,
				42F472F61C09BEFE00A9E22C /* LaunchScreen.storyboard */,
				42F472F91C09BEFE00A9E22C /* Info.plist */,
				42F472F11C09BEFE00A9E22C /* PinguPay.xcdatamodeld */,
				42F4731B1C09F27700A9E22C /* FBSDKCoreKit.framework */,
				42F4731C1C09F27700A9E22C /* FBSDKLoginKit.framework */,
				42F4731D1C09F27700A9E22C /* FBSDKShareKit.framework */,
				42F472E61C09BEFE00A9E22C /* main.m */,
			);
			name = "Supporting Files";
			sourceTree = "<group>";
		};
		42F473011C09BEFE00A9E22C /* PinguPayTests */ = {
			isa = PBXGroup;
			children = (
				42F473021C09BEFE00A9E22C /* PinguPayTests.m */,
				42F473041C09BEFE00A9E22C /* Info.plist */,
			);
			path = PinguPayTests;
			sourceTree = "<group>";
		};
		42F4730C1C09BEFE00A9E22C /* PinguPayUITests */ = {
			isa = PBXGroup;
			children = (
				42F4730D1C09BEFE00A9E22C /* PinguPayUITests.m */,
				42F4730F1C09BEFE00A9E22C /* Info.plist */,
			);
			path = PinguPayUITests;
			sourceTree = "<group>";
		};
		56B7F5D2BF1E80F68A20DF03 /* Frameworks */ = {
			isa = PBXGroup;
			children = (
				425BF2E91CB1B92200AE1D66 /* LocalAuthentication.framework */,
				1670E9DC1C0AC65B00D28D1A /* CoreBluetooth.framework */,
				F7978F8926583B8345C9C927 /* libPods-PinguPay.a */,
			);
			name = Frameworks;
			sourceTree = "<group>";
		};
		614CCD1BFB9AF203BD02D01F /* Pods */ = {
			isa = PBXGroup;
			children = (
				0AA3A201F48B31F863E7A4E7 /* Pods-PinguPay.debug.xcconfig */,
				D3CDFC626DD9DF8F65C392D9 /* Pods-PinguPay.release.xcconfig */,
			);
			name = Pods;
			sourceTree = "<group>";
		};
/* End PBXGroup section */

/* Begin PBXNativeTarget section */
		42F472E11C09BEFE00A9E22C /* PinguPay */ = {
			isa = PBXNativeTarget;
			buildConfigurationList = 42F473121C09BEFE00A9E22C /* Build configuration list for PBXNativeTarget "PinguPay" */;
			buildPhases = (
				8953FC4CD5BFCB51A851EE56 /* Check Pods Manifest.lock */,
				42F472DE1C09BEFE00A9E22C /* Sources */,
				42F472DF1C09BEFE00A9E22C /* Frameworks */,
				42F472E01C09BEFE00A9E22C /* Resources */,
				BB14156208A7EFA078BE35BA /* Copy Pods Resources */,
				8137B941AA6A9F5FED8DE438 /* Embed Pods Frameworks */,
			);
			buildRules = (
			);
			dependencies = (
			);
			name = PinguPay;
			productName = PinguPay;
			productReference = 42F472E21C09BEFE00A9E22C /* PinguPay.app */;
			productType = "com.apple.product-type.application";
		};
		42F472FD1C09BEFE00A9E22C /* PinguPayTests */ = {
			isa = PBXNativeTarget;
			buildConfigurationList = 42F473151C09BEFE00A9E22C /* Build configuration list for PBXNativeTarget "PinguPayTests" */;
			buildPhases = (
				42F472FA1C09BEFE00A9E22C /* Sources */,
				42F472FB1C09BEFE00A9E22C /* Frameworks */,
				42F472FC1C09BEFE00A9E22C /* Resources */,
			);
			buildRules = (
			);
			dependencies = (
				42F473001C09BEFE00A9E22C /* PBXTargetDependency */,
			);
			name = PinguPayTests;
			productName = PinguPayTests;
			productReference = 42F472FE1C09BEFE00A9E22C /* PinguPayTests.xctest */;
			productType = "com.apple.product-type.bundle.unit-test";
		};
		42F473081C09BEFE00A9E22C /* PinguPayUITests */ = {
			isa = PBXNativeTarget;
			buildConfigurationList = 42F473181C09BEFE00A9E22C /* Build configuration list for PBXNativeTarget "PinguPayUITests" */;
			buildPhases = (
				42F473051C09BEFE00A9E22C /* Sources */,
				42F473061C09BEFE00A9E22C /* Frameworks */,
				42F473071C09BEFE00A9E22C /* Resources */,
			);
			buildRules = (
			);
			dependencies = (
				42F4730B1C09BEFE00A9E22C /* PBXTargetDependency */,
			);
			name = PinguPayUITests;
			productName = PinguPayUITests;
			productReference = 42F473091C09BEFE00A9E22C /* PinguPayUITests.xctest */;
			productType = "com.apple.product-type.bundle.ui-testing";
		};
/* End PBXNativeTarget section */

/* Begin PBXProject section */
		42F472DA1C09BEFE00A9E22C /* Project object */ = {
			isa = PBXProject;
			attributes = {
				LastUpgradeCheck = 0700;
				ORGANIZATIONNAME = "PinguPay Inc";
				TargetAttributes = {
					42F472E11C09BEFE00A9E22C = {
						CreatedOnToolsVersion = 7.0;
						DevelopmentTeam = 9M5WYA4P47;
					};
					42F472FD1C09BEFE00A9E22C = {
						CreatedOnToolsVersion = 7.0;
						TestTargetID = 42F472E11C09BEFE00A9E22C;
					};
					42F473081C09BEFE00A9E22C = {
						CreatedOnToolsVersion = 7.0;
						TestTargetID = 42F472E11C09BEFE00A9E22C;
					};
				};
			};
			buildConfigurationList = 42F472DD1C09BEFE00A9E22C /* Build configuration list for PBXProject "PinguPay" */;
			compatibilityVersion = "Xcode 3.2";
			developmentRegion = English;
			hasScannedForEncodings = 0;
			knownRegions = (
				en,
				Base,
			);
			mainGroup = 42F472D91C09BEFE00A9E22C;
			productRefGroup = 42F472E31C09BEFE00A9E22C /* Products */;
			projectDirPath = "";
			projectRoot = "";
			targets = (
				42F472E11C09BEFE00A9E22C /* PinguPay */,
				42F472FD1C09BEFE00A9E22C /* PinguPayTests */,
				42F473081C09BEFE00A9E22C /* PinguPayUITests */,
			);
		};
/* End PBXProject section */

/* Begin PBXResourcesBuildPhase section */
		42F472E01C09BEFE00A9E22C /* Resources */ = {
			isa = PBXResourcesBuildPhase;
			buildActionMask = 2147483647;
			files = (
				422A13581C0A0D270081FD09 /* 2p.png in Resources */,
				42F472F81C09BEFE00A9E22C /* LaunchScreen.storyboard in Resources */,
				42AB6D2F1C0B012E00DC5BFA /* starbucks.png in Resources */,
				425BF2E01CB1AD7B00AE1D66 /* NavbarHeaderView.xib in Resources */,
				425BF2E81CB1B63A00AE1D66 /* star2.jpg in Resources */,
				422A13661C0A249E0081FD09 /* 5p.png in Resources */,
				422A135A1C0A15D00081FD09 /* logo.png in Resources */,
				425BF2E71CB1B63A00AE1D66 /* star3.jpg in Resources */,
				425BF2E51CB1B63A00AE1D66 /* star1.jpg in Resources */,
				422A13621C0A23E00081FD09 /* 3p.png in Resources */,
				422A13681C0A24E80081FD09 /* 6p.png in Resources */,
				422A13561C09FEC10081FD09 /* 1p.png in Resources */,
				425BF2E61CB1B63A00AE1D66 /* star4.jpg in Resources */,
				422A13641C0A24470081FD09 /* 4p.png in Resources */,
				42AB6D321C0B018400DC5BFA /* 2.jpg in Resources */,
				42F472F51C09BEFE00A9E22C /* Assets.xcassets in Resources */,
				42AB6CD51C0A9C3800DC5BFA /* lines.png in Resources */,
				425BF2DE1CB1A97500AE1D66 /* coverStar.jpg in Resources */,
				42F472F01C09BEFE00A9E22C /* Main.storyboard in Resources */,
				42AB6D331C0B018400DC5BFA /* 1.jpg in Resources */,
			);
			runOnlyForDeploymentPostprocessing = 0;
		};
		42F472FC1C09BEFE00A9E22C /* Resources */ = {
			isa = PBXResourcesBuildPhase;
			buildActionMask = 2147483647;
			files = (
			);
			runOnlyForDeploymentPostprocessing = 0;
		};
		42F473071C09BEFE00A9E22C /* Resources */ = {
			isa = PBXResourcesBuildPhase;
			buildActionMask = 2147483647;
			files = (
			);
			runOnlyForDeploymentPostprocessing = 0;
		};
/* End PBXResourcesBuildPhase section */

/* Begin PBXShellScriptBuildPhase section */
		8137B941AA6A9F5FED8DE438 /* Embed Pods Frameworks */ = {
			isa = PBXShellScriptBuildPhase;
			buildActionMask = 2147483647;
			files = (
			);
			inputPaths = (
			);
			name = "Embed Pods Frameworks";
			outputPaths = (
			);
			runOnlyForDeploymentPostprocessing = 0;
			shellPath = /bin/sh;
			shellScript = "\"${SRCROOT}/Pods/Target Support Files/Pods-PinguPay/Pods-PinguPay-frameworks.sh\"\n";
			showEnvVarsInLog = 0;
		};
		8953FC4CD5BFCB51A851EE56 /* Check Pods Manifest.lock */ = {
			isa = PBXShellScriptBuildPhase;
			buildActionMask = 2147483647;
			files = (
			);
			inputPaths = (
			);
			name = "Check Pods Manifest.lock";
			outputPaths = (
			);
			runOnlyForDeploymentPostprocessing = 0;
			shellPath = /bin/sh;
			shellScript = "diff \"${PODS_ROOT}/../Podfile.lock\" \"${PODS_ROOT}/Manifest.lock\" > /dev/null\nif [[ $? != 0 ]] ; then\n    cat << EOM\nerror: The sandbox is not in sync with the Podfile.lock. Run 'pod install' or update your CocoaPods installation.\nEOM\n    exit 1\nfi\n";
			showEnvVarsInLog = 0;
		};
		BB14156208A7EFA078BE35BA /* Copy Pods Resources */ = {
			isa = PBXShellScriptBuildPhase;
			buildActionMask = 2147483647;
			files = (
			);
			inputPaths = (
			);
			name = "Copy Pods Resources";
			outputPaths = (
			);
			runOnlyForDeploymentPostprocessing = 0;
			shellPath = /bin/sh;
			shellScript = "\"${SRCROOT}/Pods/Target Support Files/Pods-PinguPay/Pods-PinguPay-resources.sh\"\n";
			showEnvVarsInLog = 0;
		};
/* End PBXShellScriptBuildPhase section */

/* Begin PBXSourcesBuildPhase section */
		42F472DE1C09BEFE00A9E22C /* Sources */ = {
			isa = PBXSourcesBuildPhase;
			buildActionMask = 2147483647;
			files = (
				42AB6CD81C0A9D6E00DC5BFA /* PaymentConfirmViewController.m in Sources */,
				42F472ED1C09BEFE00A9E22C /* ViewController.m in Sources */,
				42F472EA1C09BEFE00A9E22C /* AppDelegate.m in Sources */,
				422A13601C0A1B100081FD09 /* UsernamePasswordTableViewController.m in Sources */,
				42F472F31C09BEFE00A9E22C /* PinguPay.xcdatamodeld in Sources */,
				42F472E71C09BEFE00A9E22C /* main.m in Sources */,
				1670E9DB1C0AC5E100D28D1A /* HomeTableViewController.m in Sources */,
				422A13541C09FD5C0081FD09 /* AddPaymentMethodCollectionViewController.m in Sources */,
				42AB6D2D1C0AFD1800DC5BFA /* ScanACodeViewController.m in Sources */,
				42F473231C09F42500A9E22C /* LoginViewController.m in Sources */,
				42AB6CD21C0A995300DC5BFA /* RaiseInvoiceViewController.m in Sources */,
			);
			runOnlyForDeploymentPostprocessing = 0;
		};
		42F472FA1C09BEFE00A9E22C /* Sources */ = {
			isa = PBXSourcesBuildPhase;
			buildActionMask = 2147483647;
			files = (
				42F473031C09BEFE00A9E22C /* PinguPayTests.m in Sources */,
			);
			runOnlyForDeploymentPostprocessing = 0;
		};
		42F473051C09BEFE00A9E22C /* Sources */ = {
			isa = PBXSourcesBuildPhase;
			buildActionMask = 2147483647;
			files = (
				42F4730E1C09BEFE00A9E22C /* PinguPayUITests.m in Sources */,
			);
			runOnlyForDeploymentPostprocessing = 0;
		};
/* End PBXSourcesBuildPhase section */

/* Begin PBXTargetDependency section */
		42F473001C09BEFE00A9E22C /* PBXTargetDependency */ = {
			isa = PBXTargetDependency;
			target = 42F472E11C09BEFE00A9E22C /* PinguPay */;
			targetProxy = 42F472FF1C09BEFE00A9E22C /* PBXContainerItemProxy */;
		};
		42F4730B1C09BEFE00A9E22C /* PBXTargetDependency */ = {
			isa = PBXTargetDependency;
			target = 42F472E11C09BEFE00A9E22C /* PinguPay */;
			targetProxy = 42F4730A1C09BEFE00A9E22C /* PBXContainerItemProxy */;
		};
/* End PBXTargetDependency section */

/* Begin PBXVariantGroup section */
		42F472EE1C09BEFE00A9E22C /* Main.storyboard */ = {
			isa = PBXVariantGroup;
			children = (
				42F472EF1C09BEFE00A9E22C /* Base */,
			);
			name = Main.storyboard;
			sourceTree = "<group>";
		};
		42F472F61C09BEFE00A9E22C /* LaunchScreen.storyboard */ = {
			isa = PBXVariantGroup;
			children = (
				42F472F71C09BEFE00A9E22C /* Base */,
			);
			name = LaunchScreen.storyboard;
			sourceTree = "<group>";
		};
/* End PBXVariantGroup section */

/* Begin XCBuildConfiguration section */
		42F473101C09BEFE00A9E22C /* Debug */ = {
			isa = XCBuildConfiguration;
			buildSettings = {
				ALWAYS_SEARCH_USER_PATHS = NO;
				CLANG_CXX_LANGUAGE_STANDARD = "gnu++0x";
				CLANG_CXX_LIBRARY = "libc++";
				CLANG_ENABLE_MODULES = YES;
				CLANG_ENABLE_OBJC_ARC = YES;
				CLANG_WARN_BOOL_CONVERSION = YES;
				CLANG_WARN_CONSTANT_CONVERSION = YES;
				CLANG_WARN_DIRECT_OBJC_ISA_USAGE = YES_ERROR;
				CLANG_WARN_EMPTY_BODY = YES;
				CLANG_WARN_ENUM_CONVERSION = YES;
				CLANG_WARN_INT_CONVERSION = YES;
				CLANG_WARN_OBJC_ROOT_CLASS = YES_ERROR;
				CLANG_WARN_UNREACHABLE_CODE = YES;
				CLANG_WARN__DUPLICATE_METHOD_MATCH = YES;
				"CODE_SIGN_IDENTITY[sdk=iphoneos*]" = "iPhone Developer";
				COPY_PHASE_STRIP = NO;
				DEBUG_INFORMATION_FORMAT = dwarf;
				ENABLE_STRICT_OBJC_MSGSEND = YES;
				ENABLE_TESTABILITY = YES;
				GCC_C_LANGUAGE_STANDARD = gnu99;
				GCC_DYNAMIC_NO_PIC = NO;
				GCC_NO_COMMON_BLOCKS = YES;
				GCC_OPTIMIZATION_LEVEL = 0;
				GCC_PREPROCESSOR_DEFINITIONS = (
					"DEBUG=1",
					"$(inherited)",
				);
				GCC_WARN_64_TO_32_BIT_CONVERSION = YES;
				GCC_WARN_ABOUT_RETURN_TYPE = YES_ERROR;
				GCC_WARN_UNDECLARED_SELECTOR = YES;
				GCC_WARN_UNINITIALIZED_AUTOS = YES_AGGRESSIVE;
				GCC_WARN_UNUSED_FUNCTION = YES;
				GCC_WARN_UNUSED_VARIABLE = YES;
				IPHONEOS_DEPLOYMENT_TARGET = 9.0;
				MTL_ENABLE_DEBUG_INFO = YES;
				ONLY_ACTIVE_ARCH = YES;
				SDKROOT = iphoneos;
			};
			name = Debug;
		};
		42F473111C09BEFE00A9E22C /* Release */ = {
			isa = XCBuildConfiguration;
			buildSettings = {
				ALWAYS_SEARCH_USER_PATHS = NO;
				CLANG_CXX_LANGUAGE_STANDARD = "gnu++0x";
				CLANG_CXX_LIBRARY = "libc++";
				CLANG_ENABLE_MODULES = YES;
				CLANG_ENABLE_OBJC_ARC = YES;
				CLANG_WARN_BOOL_CONVERSION = YES;
				CLANG_WARN_CONSTANT_CONVERSION = YES;
				CLANG_WARN_DIRECT_OBJC_ISA_USAGE = YES_ERROR;
				CLANG_WARN_EMPTY_BODY = YES;
				CLANG_WARN_ENUM_CONVERSION = YES;
				CLANG_WARN_INT_CONVERSION = YES;
				CLANG_WARN_OBJC_ROOT_CLASS = YES_ERROR;
				CLANG_WARN_UNREACHABLE_CODE = YES;
				CLANG_WARN__DUPLICATE_METHOD_MATCH = YES;
				"CODE_SIGN_IDENTITY[sdk=iphoneos*]" = "iPhone Developer";
				COPY_PHASE_STRIP = NO;
				DEBUG_INFORMATION_FORMAT = "dwarf-with-dsym";
				ENABLE_NS_ASSERTIONS = NO;
				ENABLE_STRICT_OBJC_MSGSEND = YES;
				GCC_C_LANGUAGE_STANDARD = gnu99;
				GCC_NO_COMMON_BLOCKS = YES;
				GCC_WARN_64_TO_32_BIT_CONVERSION = YES;
				GCC_WARN_ABOUT_RETURN_TYPE = YES_ERROR;
				GCC_WARN_UNDECLARED_SELECTOR = YES;
				GCC_WARN_UNINITIALIZED_AUTOS = YES_AGGRESSIVE;
				GCC_WARN_UNUSED_FUNCTION = YES;
				GCC_WARN_UNUSED_VARIABLE = YES;
				IPHONEOS_DEPLOYMENT_TARGET = 9.0;
				MTL_ENABLE_DEBUG_INFO = NO;
				SDKROOT = iphoneos;
				VALIDATE_PRODUCT = YES;
			};
			name = Release;
		};
		42F473131C09BEFE00A9E22C /* Debug */ = {
			isa = XCBuildConfiguration;
			baseConfigurationReference = 0AA3A201F48B31F863E7A4E7 /* Pods-PinguPay.debug.xcconfig */;
			buildSettings = {
				ASSETCATALOG_COMPILER_APPICON_NAME = AppIcon;
				CODE_SIGN_IDENTITY = "iPhone Developer";
				ENABLE_BITCODE = NO;
				FRAMEWORK_SEARCH_PATHS = (
					"$(inherited)",
					"$(PROJECT_DIR)/PinguPay",
				);
				INFOPLIST_FILE = PinguPay/Info.plist;
				LD_RUNPATH_SEARCH_PATHS = "$(inherited) @executable_path/Frameworks";
				OTHER_LDFLAGS = (
					"$(inherited)",
					"-l\"CDZQRScanningViewController\"",
					"-l\"M13OrderedDictionary\"",
					"-l\"ObjectiveDDP\"",
					"-l\"SocketRocket\"",
					"-l\"icucore\"",
					"-framework",
					"\"AVFoundation\"",
					"-framework",
					"\"CFNetwork\"",
					"-framework",
					"\"Foundation\"",
					"-framework",
					"\"Security\"",
					"-framework",
					"\"UIKit\"",
				);
				PRODUCT_BUNDLE_IDENTIFIER = PinguPay.PinguPay;
				PRODUCT_NAME = "$(TARGET_NAME)";
			};
			name = Debug;
		};
		42F473141C09BEFE00A9E22C /* Release */ = {
			isa = XCBuildConfiguration;
			baseConfigurationReference = D3CDFC626DD9DF8F65C392D9 /* Pods-PinguPay.release.xcconfig */;
			buildSettings = {
				ASSETCATALOG_COMPILER_APPICON_NAME = AppIcon;
				CODE_SIGN_IDENTITY = "iPhone Developer";
				ENABLE_BITCODE = NO;
				FRAMEWORK_SEARCH_PATHS = (
					"$(inherited)",
					"$(PROJECT_DIR)/PinguPay",
				);
				INFOPLIST_FILE = PinguPay/Info.plist;
				LD_RUNPATH_SEARCH_PATHS = "$(inherited) @executable_path/Frameworks";
				OTHER_LDFLAGS = (
					"$(inherited)",
					"-l\"CDZQRScanningViewController\"",
					"-l\"M13OrderedDictionary\"",
					"-l\"ObjectiveDDP\"",
					"-l\"SocketRocket\"",
					"-l\"icucore\"",
					"-framework",
					"\"AVFoundation\"",
					"-framework",
					"\"CFNetwork\"",
					"-framework",
					"\"Foundation\"",
					"-framework",
					"\"Security\"",
					"-framework",
					"\"UIKit\"",
				);
				PRODUCT_BUNDLE_IDENTIFIER = PinguPay.PinguPay;
				PRODUCT_NAME = "$(TARGET_NAME)";
			};
			name = Release;
		};
		42F473161C09BEFE00A9E22C /* Debug */ = {
			isa = XCBuildConfiguration;
			buildSettings = {
				BUNDLE_LOADER = "$(TEST_HOST)";
				INFOPLIST_FILE = PinguPayTests/Info.plist;
				LD_RUNPATH_SEARCH_PATHS = "$(inherited) @executable_path/Frameworks @loader_path/Frameworks";
				PRODUCT_BUNDLE_IDENTIFIER = PinguPay.PinguPayTests;
				PRODUCT_NAME = "$(TARGET_NAME)";
				TEST_HOST = "$(BUILT_PRODUCTS_DIR)/PinguPay.app/PinguPay";
			};
			name = Debug;
		};
		42F473171C09BEFE00A9E22C /* Release */ = {
			isa = XCBuildConfiguration;
			buildSettings = {
				BUNDLE_LOADER = "$(TEST_HOST)";
				INFOPLIST_FILE = PinguPayTests/Info.plist;
				LD_RUNPATH_SEARCH_PATHS = "$(inherited) @executable_path/Frameworks @loader_path/Frameworks";
				PRODUCT_BUNDLE_IDENTIFIER = PinguPay.PinguPayTests;
				PRODUCT_NAME = "$(TARGET_NAME)";
				TEST_HOST = "$(BUILT_PRODUCTS_DIR)/PinguPay.app/PinguPay";
			};
			name = Release;
		};
		42F473191C09BEFE00A9E22C /* Debug */ = {
			isa = XCBuildConfiguration;
			buildSettings = {
				INFOPLIST_FILE = PinguPayUITests/Info.plist;
				LD_RUNPATH_SEARCH_PATHS = "$(inherited) @executable_path/Frameworks @loader_path/Frameworks";
				PRODUCT_BUNDLE_IDENTIFIER = PinguPay.PinguPayUITests;
				PRODUCT_NAME = "$(TARGET_NAME)";
				TEST_TARGET_NAME = PinguPay;
				USES_XCTRUNNER = YES;
			};
			name = Debug;
		};
		42F4731A1C09BEFE00A9E22C /* Release */ = {
			isa = XCBuildConfiguration;
			buildSettings = {
				INFOPLIST_FILE = PinguPayUITests/Info.plist;
				LD_RUNPATH_SEARCH_PATHS = "$(inherited) @executable_path/Frameworks @loader_path/Frameworks";
				PRODUCT_BUNDLE_IDENTIFIER = PinguPay.PinguPayUITests;
				PRODUCT_NAME = "$(TARGET_NAME)";
				TEST_TARGET_NAME = PinguPay;
				USES_XCTRUNNER = YES;
			};
			name = Release;
		};
/* End XCBuildConfiguration section */

/* Begin XCConfigurationList section */
		42F472DD1C09BEFE00A9E22C /* Build configuration list for PBXProject "PinguPay" */ = {
			isa = XCConfigurationList;
			buildConfigurations = (
				42F473101C09BEFE00A9E22C /* Debug */,
				42F473111C09BEFE00A9E22C /* Release */,
			);
			defaultConfigurationIsVisible = 0;
			defaultConfigurationName = Release;
		};
		42F473121C09BEFE00A9E22C /* Build configuration list for PBXNativeTarget "PinguPay" */ = {
			isa = XCConfigurationList;
			buildConfigurations = (
				42F473131C09BEFE00A9E22C /* Debug */,
				42F473141C09BEFE00A9E22C /* Release */,
			);
			defaultConfigurationIsVisible = 0;
			defaultConfigurationName = Release;
		};
		42F473151C09BEFE00A9E22C /* Build configuration list for PBXNativeTarget "PinguPayTests" */ = {
			isa = XCConfigurationList;
			buildConfigurations = (
				42F473161C09BEFE00A9E22C /* Debug */,
				42F473171C09BEFE00A9E22C /* Release */,
			);
			defaultConfigurationIsVisible = 0;
			defaultConfigurationName = Release;
		};
		42F473181C09BEFE00A9E22C /* Build configuration list for PBXNativeTarget "PinguPayUITests" */ = {
			isa = XCConfigurationList;
			buildConfigurations = (
				42F473191C09BEFE00A9E22C /* Debug */,
				42F4731A1C09BEFE00A9E22C /* Release */,
			);
			defaultConfigurationIsVisible = 0;
			defaultConfigurationName = Release;
		};
/* End XCConfigurationList section */

/* Begin XCVersionGroup section */
		42F472F11C09BEFE00A9E22C /* PinguPay.xcdatamodeld */ = {
			isa = XCVersionGroup;
			children = (
				42F472F21C09BEFE00A9E22C /* PinguPay.xcdatamodel */,
			);
			currentVersion = 42F472F21C09BEFE00A9E22C /* PinguPay.xcdatamodel */;
			path = PinguPay.xcdatamodeld;
			sourceTree = "<group>";
			versionGroupType = wrapper.xcdatamodel;
		};
/* End XCVersionGroup section */
	};
	rootObject = 42F472DA1C09BEFE00A9E22C /* Project object */;
}
