PODS:
  - CDZQRScanningViewController (1.0.7)
  - M13OrderedDictionary (1.1.0)
  - ObjectiveDDP (0.2.0):
    - M13OrderedDictionary
    - SocketRocket (= 0.4.1)
  - SocketRocket (0.4.1)

DEPENDENCIES:
  - CDZQRScanningViewController
  - ObjectiveDDP (from `../ObjectiveDDP/ObjectiveDDP.podspec`)

EXTERNAL SOURCES:
  ObjectiveDDP:
    :path: "../ObjectiveDDP/ObjectiveDDP.podspec"

SPEC CHECKSUMS:
  CDZQRScanningViewController: bec2f94f0378876e44a64db156d92f11d2825d95
  M13OrderedDictionary: 6e157fe9c82aa6b3cd7198f5c5c30c7a6834c4a6
  ObjectiveDDP: c2225f6896d671977b7046afc0530967cd141f90
  SocketRocket: ee0b5c34182d37bb4f1f8d628bbe737718126daa

COCOAPODS: 0.39.0
