// !$*UTF8*$!
{
	archiveVersion = 1;
	classes = {
	};
	objectVersion = 46;
	objects = {

/* Begin PBXBuildFile section */
		42F472A51C09BD4900A9E22C /* main.m in Sources */ = {isa = PBXBuildFile; fileRef = 42F472A41C09BD4900A9E22C /* main.m */; };
		42F472A81C09BD4900A9E22C /* AppDelegate.m in Sources */ = {isa = PBXBuildFile; fileRef = 42F472A71C09BD4900A9E22C /* AppDelegate.m */; };
		42F472AB1C09BD4900A9E22C /* ViewController.m in Sources */ = {isa = PBXBuildFile; fileRef = 42F472AA1C09BD4900A9E22C /* ViewController.m */; };
		42F472AE1C09BD4900A9E22C /* Main.storyboard in Resources */ = {isa = PBXBuildFile; fileRef = 42F472AC1C09BD4900A9E22C /* Main.storyboard */; };
		42F472B11C09BD4900A9E22C /* PinguPage.xcdatamodeld in Sources */ = {isa = PBXBuildFile; fileRef = 42F472AF1C09BD4900A9E22C /* PinguPage.xcdatamodeld */; };
		42F472B31C09BD4900A9E22C /* Assets.xcassets in Resources */ = {isa = PBXBuildFile; fileRef = 42F472B21C09BD4900A9E22C /* Assets.xcassets */; };
		42F472B61C09BD4900A9E22C /* LaunchScreen.storyboard in Resources */ = {isa = PBXBuildFile; fileRef = 42F472B41C09BD4900A9E22C /* LaunchScreen.storyboard */; };
		42F472C11C09BD4900A9E22C /* PinguPageTests.m in Sources */ = {isa = PBXBuildFile; fileRef = 42F472C01C09BD4900A9E22C /* PinguPageTests.m */; };
		42F472CC1C09BD4900A9E22C /* PinguPageUITests.m in Sources */ = {isa = PBXBuildFile; fileRef = 42F472CB1C09BD4900A9E22C /* PinguPageUITests.m */; };
/* End PBXBuildFile section */

/* Begin PBXContainerItemProxy section */
		42F472BD1C09BD4900A9E22C /* PBXContainerItemProxy */ = {
			isa = PBXContainerItemProxy;
			containerPortal = 42F472981C09BD4900A9E22C /* Project object */;
			proxyType = 1;
			remoteGlobalIDString = 42F4729F1C09BD4900A9E22C;
			remoteInfo = PinguPage;
		};
		42F472C81C09BD4900A9E22C /* PBXContainerItemProxy */ = {
			isa = PBXContainerItemProxy;
			containerPortal = 42F472981C09BD4900A9E22C /* Project object */;
			proxyType = 1;
			remoteGlobalIDString = 42F4729F1C09BD4900A9E22C;
			remoteInfo = PinguPage;
		};
/* End PBXContainerItemProxy section */

/* Begin PBXFileReference section */
		42F472A01C09BD4900A9E22C /* PinguPage.app */ = {isa = PBXFileReference; explicitFileType = wrapper.application; includeInIndex = 0; path = PinguPage.app; sourceTree = BUILT_PRODUCTS_DIR; };
		42F472A41C09BD4900A9E22C /* main.m */ = {isa = PBXFileReference; lastKnownFileType = sourcecode.c.objc; path = main.m; sourceTree = "<group>"; };
		42F472A61C09BD4900A9E22C /* AppDelegate.h */ = {isa = PBXFileReference; lastKnownFileType = sourcecode.c.h; path = AppDelegate.h; sourceTree = "<group>"; };
		42F472A71C09BD4900A9E22C /* AppDelegate.m */ = {isa = PBXFileReference; lastKnownFileType = sourcecode.c.objc; path = AppDelegate.m; sourceTree = "<group>"; };
		42F472A91C09BD4900A9E22C /* ViewController.h */ = {isa = PBXFileReference; lastKnownFileType = sourcecode.c.h; path = ViewController.h; sourceTree = "<group>"; };
		42F472AA1C09BD4900A9E22C /* ViewController.m */ = {isa = PBXFileReference; lastKnownFileType = sourcecode.c.objc; path = ViewController.m; sourceTree = "<group>"; };
		42F472AD1C09BD4900A9E22C /* Base */ = {isa = PBXFileReference; lastKnownFileType = file.storyboard; name = Base; path = Base.lproj/Main.storyboard; sourceTree = "<group>"; };
		42F472B01C09BD4900A9E22C /* PinguPage.xcdatamodel */ = {isa = PBXFileReference; lastKnownFileType = wrapper.xcdatamodel; path = PinguPage.xcdatamodel; sourceTree = "<group>"; };
		42F472B21C09BD4900A9E22C /* Assets.xcassets */ = {isa = PBXFileReference; lastKnownFileType = folder.assetcatalog; path = Assets.xcassets; sourceTree = "<group>"; };
		42F472B51C09BD4900A9E22C /* Base */ = {isa = PBXFileReference; lastKnownFileType = file.storyboard; name = Base; path = Base.lproj/LaunchScreen.storyboard; sourceTree = "<group>"; };
		42F472B71C09BD4900A9E22C /* Info.plist */ = {isa = PBXFileReference; lastKnownFileType = text.plist.xml; path = Info.plist; sourceTree = "<group>"; };
		42F472BC1C09BD4900A9E22C /* PinguPageTests.xctest */ = {isa = PBXFileReference; explicitFileType = wrapper.cfbundle; includeInIndex = 0; path = PinguPageTests.xctest; sourceTree = BUILT_PRODUCTS_DIR; };
		42F472C01C09BD4900A9E22C /* PinguPageTests.m */ = {isa = PBXFileReference; lastKnownFileType = sourcecode.c.objc; path = PinguPageTests.m; sourceTree = "<group>"; };
		42F472C21C09BD4900A9E22C /* Info.plist */ = {isa = PBXFileReference; lastKnownFileType = text.plist.xml; path = Info.plist; sourceTree = "<group>"; };
		42F472C71C09BD4900A9E22C /* PinguPageUITests.xctest */ = {isa = PBXFileReference; explicitFileType = wrapper.cfbundle; includeInIndex = 0; path = PinguPageUITests.xctest; sourceTree = BUILT_PRODUCTS_DIR; };
		42F472CB1C09BD4900A9E22C /* PinguPageUITests.m */ = {isa = PBXFileReference; lastKnownFileType = sourcecode.c.objc; path = PinguPageUITests.m; sourceTree = "<group>"; };
		42F472CD1C09BD4900A9E22C /* Info.plist */ = {isa = PBXFileReference; lastKnownFileType = text.plist.xml; path = Info.plist; sourceTree = "<group>"; };
/* End PBXFileReference section */

/* Begin PBXFrameworksBuildPhase section */
		42F4729D1C09BD4900A9E22C /* Frameworks */ = {
			isa = PBXFrameworksBuildPhase;
			buildActionMask = 2147483647;
			files = (
			);
			runOnlyForDeploymentPostprocessing = 0;
		};
		42F472B91C09BD4900A9E22C /* Frameworks */ = {
			isa = PBXFrameworksBuildPhase;
			buildActionMask = 2147483647;
			files = (
			);
			runOnlyForDeploymentPostprocessing = 0;
		};
		42F472C41C09BD4900A9E22C /* Frameworks */ = {
			isa = PBXFrameworksBuildPhase;
			buildActionMask = 2147483647;
			files = (
			);
			runOnlyForDeploymentPostprocessing = 0;
		};
/* End PBXFrameworksBuildPhase section */

/* Begin PBXGroup section */
		42F472971C09BD4900A9E22C = {
			isa = PBXGroup;
			children = (
				42F472A21C09BD4900A9E22C /* PinguPage */,
				42F472BF1C09BD4900A9E22C /* PinguPageTests */,
				42F472CA1C09BD4900A9E22C /* PinguPageUITests */,
				42F472A11C09BD4900A9E22C /* Products */,
			);
			sourceTree = "<group>";
		};
		42F472A11C09BD4900A9E22C /* Products */ = {
			isa = PBXGroup;
			children = (
				42F472A01C09BD4900A9E22C /* PinguPage.app */,
				42F472BC1C09BD4900A9E22C /* PinguPageTests.xctest */,
				42F472C71C09BD4900A9E22C /* PinguPageUITests.xctest */,
			);
			name = Products;
			sourceTree = "<group>";
		};
		42F472A21C09BD4900A9E22C /* PinguPage */ = {
			isa = PBXGroup;
			children = (
				42F472A61C09BD4900A9E22C /* AppDelegate.h */,
				42F472A71C09BD4900A9E22C /* AppDelegate.m */,
				42F472A91C09BD4900A9E22C /* ViewController.h */,
				42F472AA1C09BD4900A9E22C /* ViewController.m */,
				42F472AC1C09BD4900A9E22C /* Main.storyboard */,
				42F472B21C09BD4900A9E22C /* Assets.xcassets */,
				42F472B41C09BD4900A9E22C /* LaunchScreen.storyboard */,
				42F472B71C09BD4900A9E22C /* Info.plist */,
				42F472AF1C09BD4900A9E22C /* PinguPage.xcdatamodeld */,
				42F472A31C09BD4900A9E22C /* Supporting Files */,
			);
			path = PinguPage;
			sourceTree = "<group>";
		};
		42F472A31C09BD4900A9E22C /* Supporting Files */ = {
			isa = PBXGroup;
			children = (
				42F472A41C09BD4900A9E22C /* main.m */,
			);
			name = "Supporting Files";
			sourceTree = "<group>";
		};
		42F472BF1C09BD4900A9E22C /* PinguPageTests */ = {
			isa = PBXGroup;
			children = (
				42F472C01C09BD4900A9E22C /* PinguPageTests.m */,
				42F472C21C09BD4900A9E22C /* Info.plist */,
			);
			path = PinguPageTests;
			sourceTree = "<group>";
		};
		42F472CA1C09BD4900A9E22C /* PinguPageUITests */ = {
			isa = PBXGroup;
			children = (
				42F472CB1C09BD4900A9E22C /* PinguPageUITests.m */,
				42F472CD1C09BD4900A9E22C /* Info.plist */,
			);
			path = PinguPageUITests;
			sourceTree = "<group>";
		};
/* End PBXGroup section */

/* Begin PBXNativeTarget section */
		42F4729F1C09BD4900A9E22C /* PinguPage */ = {
			isa = PBXNativeTarget;
			buildConfigurationList = 42F472D01C09BD4900A9E22C /* Build configuration list for PBXNativeTarget "PinguPage" */;
			buildPhases = (
				42F4729C1C09BD4900A9E22C /* Sources */,
				42F4729D1C09BD4900A9E22C /* Frameworks */,
				42F4729E1C09BD4900A9E22C /* Resources */,
			);
			buildRules = (
			);
			dependencies = (
			);
			name = PinguPage;
			productName = PinguPage;
			productReference = 42F472A01C09BD4900A9E22C /* PinguPage.app */;
			productType = "com.apple.product-type.application";
		};
		42F472BB1C09BD4900A9E22C /* PinguPageTests */ = {
			isa = PBXNativeTarget;
			buildConfigurationList = 42F472D31C09BD4900A9E22C /* Build configuration list for PBXNativeTarget "PinguPageTests" */;
			buildPhases = (
				42F472B81C09BD4900A9E22C /* Sources */,
				42F472B91C09BD4900A9E22C /* Frameworks */,
				42F472BA1C09BD4900A9E22C /* Resources */,
			);
			buildRules = (
			);
			dependencies = (
				42F472BE1C09BD4900A9E22C /* PBXTargetDependency */,
			);
			name = PinguPageTests;
			productName = PinguPageTests;
			productReference = 42F472BC1C09BD4900A9E22C /* PinguPageTests.xctest */;
			productType = "com.apple.product-type.bundle.unit-test";
		};
		42F472C61C09BD4900A9E22C /* PinguPageUITests */ = {
			isa = PBXNativeTarget;
			buildConfigurationList = 42F472D61C09BD4900A9E22C /* Build configuration list for PBXNativeTarget "PinguPageUITests" */;
			buildPhases = (
				42F472C31C09BD4900A9E22C /* Sources */,
				42F472C41C09BD4900A9E22C /* Frameworks */,
				42F472C51C09BD4900A9E22C /* Resources */,
			);
			buildRules = (
			);
			dependencies = (
				42F472C91C09BD4900A9E22C /* PBXTargetDependency */,
			);
			name = PinguPageUITests;
			productName = PinguPageUITests;
			productReference = 42F472C71C09BD4900A9E22C /* PinguPageUITests.xctest */;
			productType = "com.apple.product-type.bundle.ui-testing";
		};
/* End PBXNativeTarget section */

/* Begin PBXProject section */
		42F472981C09BD4900A9E22C /* Project object */ = {
			isa = PBXProject;
			attributes = {
				LastUpgradeCheck = 0700;
				ORGANIZATIONNAME = "PinguPay Inc";
				TargetAttributes = {
					42F4729F1C09BD4900A9E22C = {
						CreatedOnToolsVersion = 7.0;
					};
					42F472BB1C09BD4900A9E22C = {
						CreatedOnToolsVersion = 7.0;
						TestTargetID = 42F4729F1C09BD4900A9E22C;
					};
					42F472C61C09BD4900A9E22C = {
						CreatedOnToolsVersion = 7.0;
						TestTargetID = 42F4729F1C09BD4900A9E22C;
					};
				};
			};
			buildConfigurationList = 42F4729B1C09BD4900A9E22C /* Build configuration list for PBXProject "PinguPage" */;
			compatibilityVersion = "Xcode 3.2";
			developmentRegion = English;
			hasScannedForEncodings = 0;
			knownRegions = (
				en,
				Base,
			);
			mainGroup = 42F472971C09BD4900A9E22C;
			productRefGroup = 42F472A11C09BD4900A9E22C /* Products */;
			projectDirPath = "";
			projectRoot = "";
			targets = (
				42F4729F1C09BD4900A9E22C /* PinguPage */,
				42F472BB1C09BD4900A9E22C /* PinguPageTests */,
				42F472C61C09BD4900A9E22C /* PinguPageUITests */,
			);
		};
/* End PBXProject section */

/* Begin PBXResourcesBuildPhase section */
		42F4729E1C09BD4900A9E22C /* Resources */ = {
			isa = PBXResourcesBuildPhase;
			buildActionMask = 2147483647;
			files = (
				42F472B61C09BD4900A9E22C /* LaunchScreen.storyboard in Resources */,
				42F472B31C09BD4900A9E22C /* Assets.xcassets in Resources */,
				42F472AE1C09BD4900A9E22C /* Main.storyboard in Resources */,
			);
			runOnlyForDeploymentPostprocessing = 0;
		};
		42F472BA1C09BD4900A9E22C /* Resources */ = {
			isa = PBXResourcesBuildPhase;
			buildActionMask = 2147483647;
			files = (
			);
			runOnlyForDeploymentPostprocessing = 0;
		};
		42F472C51C09BD4900A9E22C /* Resources */ = {
			isa = PBXResourcesBuildPhase;
			buildActionMask = 2147483647;
			files = (
			);
			runOnlyForDeploymentPostprocessing = 0;
		};
/* End PBXResourcesBuildPhase section */

/* Begin PBXSourcesBuildPhase section */
		42F4729C1C09BD4900A9E22C /* Sources */ = {
			isa = PBXSourcesBuildPhase;
			buildActionMask = 2147483647;
			files = (
				42F472AB1C09BD4900A9E22C /* ViewController.m in Sources */,
				42F472A81C09BD4900A9E22C /* AppDelegate.m in Sources */,
				42F472B11C09BD4900A9E22C /* PinguPage.xcdatamodeld in Sources */,
				42F472A51C09BD4900A9E22C /* main.m in Sources */,
			);
			runOnlyForDeploymentPostprocessing = 0;
		};
		42F472B81C09BD4900A9E22C /* Sources */ = {
			isa = PBXSourcesBuildPhase;
			buildActionMask = 2147483647;
			files = (
				42F472C11C09BD4900A9E22C /* PinguPageTests.m in Sources */,
			);
			runOnlyForDeploymentPostprocessing = 0;
		};
		42F472C31C09BD4900A9E22C /* Sources */ = {
			isa = PBXSourcesBuildPhase;
			buildActionMask = 2147483647;
			files = (
				42F472CC1C09BD4900A9E22C /* PinguPageUITests.m in Sources */,
			);
			runOnlyForDeploymentPostprocessing = 0;
		};
/* End PBXSourcesBuildPhase section */

/* Begin PBXTargetDependency section */
		42F472BE1C09BD4900A9E22C /* PBXTargetDependency */ = {
			isa = PBXTargetDependency;
			target = 42F4729F1C09BD4900A9E22C /* PinguPage */;
			targetProxy = 42F472BD1C09BD4900A9E22C /* PBXContainerItemProxy */;
		};
		42F472C91C09BD4900A9E22C /* PBXTargetDependency */ = {
			isa = PBXTargetDependency;
			target = 42F4729F1C09BD4900A9E22C /* PinguPage */;
			targetProxy = 42F472C81C09BD4900A9E22C /* PBXContainerItemProxy */;
		};
/* End PBXTargetDependency section */

/* Begin PBXVariantGroup section */
		42F472AC1C09BD4900A9E22C /* Main.storyboard */ = {
			isa = PBXVariantGroup;
			children = (
				42F472AD1C09BD4900A9E22C /* Base */,
			);
			name = Main.storyboard;
			sourceTree = "<group>";
		};
		42F472B41C09BD4900A9E22C /* LaunchScreen.storyboard */ = {
			isa = PBXVariantGroup;
			children = (
				42F472B51C09BD4900A9E22C /* Base */,
			);
			name = LaunchScreen.storyboard;
			sourceTree = "<group>";
		};
/* End PBXVariantGroup section */

/* Begin XCBuildConfiguration section */
		42F472CE1C09BD4900A9E22C /* Debug */ = {
			isa = XCBuildConfiguration;
			buildSettings = {
				ALWAYS_SEARCH_USER_PATHS = NO;
				CLANG_CXX_LANGUAGE_STANDARD = "gnu++0x";
				CLANG_CXX_LIBRARY = "libc++";
				CLANG_ENABLE_MODULES = YES;
				CLANG_ENABLE_OBJC_ARC = YES;
				CLANG_WARN_BOOL_CONVERSION = YES;
				CLANG_WARN_CONSTANT_CONVERSION = YES;
				CLANG_WARN_DIRECT_OBJC_ISA_USAGE = YES_ERROR;
				CLANG_WARN_EMPTY_BODY = YES;
				CLANG_WARN_ENUM_CONVERSION = YES;
				CLANG_WARN_INT_CONVERSION = YES;
				CLANG_WARN_OBJC_ROOT_CLASS = YES_ERROR;
				CLANG_WARN_UNREACHABLE_CODE = YES;
				CLANG_WARN__DUPLICATE_METHOD_MATCH = YES;
				"CODE_SIGN_IDENTITY[sdk=iphoneos*]" = "iPhone Developer";
				COPY_PHASE_STRIP = NO;
				DEBUG_INFORMATION_FORMAT = dwarf;
				ENABLE_STRICT_OBJC_MSGSEND = YES;
				ENABLE_TESTABILITY = YES;
				GCC_C_LANGUAGE_STANDARD = gnu99;
				GCC_DYNAMIC_NO_PIC = NO;
				GCC_NO_COMMON_BLOCKS = YES;
				GCC_OPTIMIZATION_LEVEL = 0;
				GCC_PREPROCESSOR_DEFINITIONS = (
					"DEBUG=1",
					"$(inherited)",
				);
				GCC_WARN_64_TO_32_BIT_CONVERSION = YES;
				GCC_WARN_ABOUT_RETURN_TYPE = YES_ERROR;
				GCC_WARN_UNDECLARED_SELECTOR = YES;
				GCC_WARN_UNINITIALIZED_AUTOS = YES_AGGRESSIVE;
				GCC_WARN_UNUSED_FUNCTION = YES;
				GCC_WARN_UNUSED_VARIABLE = YES;
				IPHONEOS_DEPLOYMENT_TARGET = 9.0;
				MTL_ENABLE_DEBUG_INFO = YES;
				ONLY_ACTIVE_ARCH = YES;
				SDKROOT = iphoneos;
			};
			name = Debug;
		};
		42F472CF1C09BD4900A9E22C /* Release */ = {
			isa = XCBuildConfiguration;
			buildSettings = {
				ALWAYS_SEARCH_USER_PATHS = NO;
				CLANG_CXX_LANGUAGE_STANDARD = "gnu++0x";
				CLANG_CXX_LIBRARY = "libc++";
				CLANG_ENABLE_MODULES = YES;
				CLANG_ENABLE_OBJC_ARC = YES;
				CLANG_WARN_BOOL_CONVERSION = YES;
				CLANG_WARN_CONSTANT_CONVERSION = YES;
				CLANG_WARN_DIRECT_OBJC_ISA_USAGE = YES_ERROR;
				CLANG_WARN_EMPTY_BODY = YES;
				CLANG_WARN_ENUM_CONVERSION = YES;
				CLANG_WARN_INT_CONVERSION = YES;
				CLANG_WARN_OBJC_ROOT_CLASS = YES_ERROR;
				CLANG_WARN_UNREACHABLE_CODE = YES;
				CLANG_WARN__DUPLICATE_METHOD_MATCH = YES;
				"CODE_SIGN_IDENTITY[sdk=iphoneos*]" = "iPhone Developer";
				COPY_PHASE_STRIP = NO;
				DEBUG_INFORMATION_FORMAT = "dwarf-with-dsym";
				ENABLE_NS_ASSERTIONS = NO;
				ENABLE_STRICT_OBJC_MSGSEND = YES;
				GCC_C_LANGUAGE_STANDARD = gnu99;
				GCC_NO_COMMON_BLOCKS = YES;
				GCC_WARN_64_TO_32_BIT_CONVERSION = YES;
				GCC_WARN_ABOUT_RETURN_TYPE = YES_ERROR;
				GCC_WARN_UNDECLARED_SELECTOR = YES;
				GCC_WARN_UNINITIALIZED_AUTOS = YES_AGGRESSIVE;
				GCC_WARN_UNUSED_FUNCTION = YES;
				GCC_WARN_UNUSED_VARIABLE = YES;
				IPHONEOS_DEPLOYMENT_TARGET = 9.0;
				MTL_ENABLE_DEBUG_INFO = NO;
				SDKROOT = iphoneos;
				VALIDATE_PRODUCT = YES;
			};
			name = Release;
		};
		42F472D11C09BD4900A9E22C /* Debug */ = {
			isa = XCBuildConfiguration;
			buildSettings = {
				ASSETCATALOG_COMPILER_APPICON_NAME = AppIcon;
				INFOPLIST_FILE = PinguPage/Info.plist;
				LD_RUNPATH_SEARCH_PATHS = "$(inherited) @executable_path/Frameworks";
				PRODUCT_BUNDLE_IDENTIFIER = PinguPay.PinguPage;
				PRODUCT_NAME = "$(TARGET_NAME)";
			};
			name = Debug;
		};
		42F472D21C09BD4900A9E22C /* Release */ = {
			isa = XCBuildConfiguration;
			buildSettings = {
				ASSETCATALOG_COMPILER_APPICON_NAME = AppIcon;
				INFOPLIST_FILE = PinguPage/Info.plist;
				LD_RUNPATH_SEARCH_PATHS = "$(inherited) @executable_path/Frameworks";
				PRODUCT_BUNDLE_IDENTIFIER = PinguPay.PinguPage;
				PRODUCT_NAME = "$(TARGET_NAME)";
			};
			name = Release;
		};
		42F472D41C09BD4900A9E22C /* Debug */ = {
			isa = XCBuildConfiguration;
			buildSettings = {
				BUNDLE_LOADER = "$(TEST_HOST)";
				INFOPLIST_FILE = PinguPageTests/Info.plist;
				LD_RUNPATH_SEARCH_PATHS = "$(inherited) @executable_path/Frameworks @loader_path/Frameworks";
				PRODUCT_BUNDLE_IDENTIFIER = PinguPay.PinguPageTests;
				PRODUCT_NAME = "$(TARGET_NAME)";
				TEST_HOST = "$(BUILT_PRODUCTS_DIR)/PinguPage.app/PinguPage";
			};
			name = Debug;
		};
		42F472D51C09BD4900A9E22C /* Release */ = {
			isa = XCBuildConfiguration;
			buildSettings = {
				BUNDLE_LOADER = "$(TEST_HOST)";
				INFOPLIST_FILE = PinguPageTests/Info.plist;
				LD_RUNPATH_SEARCH_PATHS = "$(inherited) @executable_path/Frameworks @loader_path/Frameworks";
				PRODUCT_BUNDLE_IDENTIFIER = PinguPay.PinguPageTests;
				PRODUCT_NAME = "$(TARGET_NAME)";
				TEST_HOST = "$(BUILT_PRODUCTS_DIR)/PinguPage.app/PinguPage";
			};
			name = Release;
		};
		42F472D71C09BD4900A9E22C /* Debug */ = {
			isa = XCBuildConfiguration;
			buildSettings = {
				INFOPLIST_FILE = PinguPageUITests/Info.plist;
				LD_RUNPATH_SEARCH_PATHS = "$(inherited) @executable_path/Frameworks @loader_path/Frameworks";
				PRODUCT_BUNDLE_IDENTIFIER = PinguPay.PinguPageUITests;
				PRODUCT_NAME = "$(TARGET_NAME)";
				TEST_TARGET_NAME = PinguPage;
				USES_XCTRUNNER = YES;
			};
			name = Debug;
		};
		42F472D81C09BD4900A9E22C /* Release */ = {
			isa = XCBuildConfiguration;
			buildSettings = {
				INFOPLIST_FILE = PinguPageUITests/Info.plist;
				LD_RUNPATH_SEARCH_PATHS = "$(inherited) @executable_path/Frameworks @loader_path/Frameworks";
				PRODUCT_BUNDLE_IDENTIFIER = PinguPay.PinguPageUITests;
				PRODUCT_NAME = "$(TARGET_NAME)";
				TEST_TARGET_NAME = PinguPage;
				USES_XCTRUNNER = YES;
			};
			name = Release;
		};
/* End XCBuildConfiguration section */

/* Begin XCConfigurationList section */
		42F4729B1C09BD4900A9E22C /* Build configuration list for PBXProject "PinguPage" */ = {
			isa = XCConfigurationList;
			buildConfigurations = (
				42F472CE1C09BD4900A9E22C /* Debug */,
				42F472CF1C09BD4900A9E22C /* Release */,
			);
			defaultConfigurationIsVisible = 0;
			defaultConfigurationName = Release;
		};
		42F472D01C09BD4900A9E22C /* Build configuration list for PBXNativeTarget "PinguPage" */ = {
			isa = XCConfigurationList;
			buildConfigurations = (
				42F472D11C09BD4900A9E22C /* Debug */,
				42F472D21C09BD4900A9E22C /* Release */,
			);
			defaultConfigurationIsVisible = 0;
		};
		42F472D31C09BD4900A9E22C /* Build configuration list for PBXNativeTarget "PinguPageTests" */ = {
			isa = XCConfigurationList;
			buildConfigurations = (
				42F472D41C09BD4900A9E22C /* Debug */,
				42F472D51C09BD4900A9E22C /* Release */,
			);
			defaultConfigurationIsVisible = 0;
		};
		42F472D61C09BD4900A9E22C /* Build configuration list for PBXNativeTarget "PinguPageUITests" */ = {
			isa = XCConfigurationList;
			buildConfigurations = (
				42F472D71C09BD4900A9E22C /* Debug */,
				42F472D81C09BD4900A9E22C /* Release */,
			);
			defaultConfigurationIsVisible = 0;
		};
/* End XCConfigurationList section */

/* Begin XCVersionGroup section */
		42F472AF1C09BD4900A9E22C /* PinguPage.xcdatamodeld */ = {
			isa = XCVersionGroup;
			children = (
				42F472B01C09BD4900A9E22C /* PinguPage.xcdatamodel */,
			);
			currentVersion = 42F472B01C09BD4900A9E22C /* PinguPage.xcdatamodel */;
			path = PinguPage.xcdatamodeld;
			sourceTree = "<group>";
			versionGroupType = wrapper.xcdatamodel;
		};
/* End XCVersionGroup section */
	};
	rootObject = 42F472981C09BD4900A9E22C /* Project object */;
}
